
Microsoft Visual Studio Solution File, Format Version 12.00
# Visual Studio Version 17
VisualStudioVersion = 17.6.33723.286
MinimumVisualStudioVersion = 10.0.40219.1
Project("{FAE04EC0-301F-11D3-BF4B-00C04F79EFBC}") = "CursoWpfMVVM", "CursoWpfMVVM.csproj", "{B54A7A8C-D554-43E5-B5A4-1015F2A8310B}"
EndProject
Global
	GlobalSection(SolutionConfigurationPlatforms) = preSolution
		Debug|Any CPU = Debug|Any CPU
		Release|Any CPU = Release|Any CPU
	EndGlobalSection
	GlobalSection(ProjectConfigurationPlatforms) = postSolution
		{B54A7A8C-D554-43E5-B5A4-1015F2A8310B}.Debug|Any CPU.ActiveCfg = Debug|Any CPU
		{B54A7A8C-D554-43E5-B5A4-1015F2A8310B}.Debug|Any CPU.Build.0 = Debug|Any CPU
		{B54A7A8C-D554-43E5-B5A4-1015F2A8310B}.Release|Any CPU.ActiveCfg = Release|Any CPU
		{B54A7A8C-D554-43E5-B5A4-1015F2A8310B}.Release|Any CPU.Build.0 = Release|Any CPU
	EndGlobalSection
	GlobalSection(SolutionProperties) = preSolution
		HideSolutionNode = FALSE
	EndGlobalSection
	GlobalSection(ExtensibilityGlobals) = postSolution
		SolutionGuid = {11518870-B713-4BA4-8A0D-556C9F7F8D63}
	EndGlobalSection
EndGlobal
